
Microsoft Visual Studio Solution File, Format Version 12.00
# Visual Studio Version 16
VisualStudioVersion = 16.0.30225.117
MinimumVisualStudioVersion = 10.0.40219.1
Project("{FAE04EC0-301F-11D3-BF4B-00C04F79EFBC}") = "Lesson3_1AspNet_Dependency", "Lesson3_1AspNet_Dependency.csproj", "{1F02C529-4371-47A6-A012-E232CD8B4B38}"
EndProject
Global
	GlobalSection(SolutionConfigurationPlatforms) = preSolution
		Debug|Any CPU = Debug|Any CPU
		Release|Any CPU = Release|Any CPU
	EndGlobalSection
	GlobalSection(ProjectConfigurationPlatforms) = postSolution
		{1F02C529-4371-47A6-A012-E232CD8B4B38}.Debug|Any CPU.ActiveCfg = Debug|Any CPU
		{1F02C529-4371-47A6-A012-E232CD8B4B38}.Debug|Any CPU.Build.0 = Debug|Any CPU
		{1F02C529-4371-47A6-A012-E232CD8B4B38}.Release|Any CPU.ActiveCfg = Release|Any CPU
		{1F02C529-4371-47A6-A012-E232CD8B4B38}.Release|Any CPU.Build.0 = Release|Any CPU
	EndGlobalSection
	GlobalSection(SolutionProperties) = preSolution
		HideSolutionNode = FALSE
	EndGlobalSection
	GlobalSection(ExtensibilityGlobals) = postSolution
		SolutionGuid = {C363E887-0C4C-41DF-9D3D-8074D0C73A81}
	EndGlobalSection
EndGlobal
